
Microsoft Visual Studio Solution File, Format Version 12.00
# Visual Studio Version 16
VisualStudioVersion = 16.0.32002.261
MinimumVisualStudioVersion = 10.0.40219.1
Project("{FAE04EC0-301F-11D3-BF4B-00C04F79EFBC}") = "RecrutationExcerciseNetWise", "RecrutationExcerciseNetWise\RecrutationExcerciseNetWise.csproj", "{31961307-E783-4558-934E-CA62A8F3BB33}"
EndProject
Global
	GlobalSection(SolutionConfigurationPlatforms) = preSolution
		Debug|Any CPU = Debug|Any CPU
		Release|Any CPU = Release|Any CPU
	EndGlobalSection
	GlobalSection(ProjectConfigurationPlatforms) = postSolution
		{31961307-E783-4558-934E-CA62A8F3BB33}.Debug|Any CPU.ActiveCfg = Debug|Any CPU
		{31961307-E783-4558-934E-CA62A8F3BB33}.Debug|Any CPU.Build.0 = Debug|Any CPU
		{31961307-E783-4558-934E-CA62A8F3BB33}.Release|Any CPU.ActiveCfg = Release|Any CPU
		{31961307-E783-4558-934E-CA62A8F3BB33}.Release|Any CPU.Build.0 = Release|Any CPU
	EndGlobalSection
	GlobalSection(SolutionProperties) = preSolution
		HideSolutionNode = FALSE
	EndGlobalSection
	GlobalSection(ExtensibilityGlobals) = postSolution
		SolutionGuid = {ADD5DB08-A984-4712-8B7F-27EB82D91538}
	EndGlobalSection
EndGlobal
